// !$*UTF8*$!
{
	archiveVersion = 1;
	classes = {
	};
	objectVersion = 46;
	objects = {

/* Begin PBXBuildFile section */
		B98106821C442B4B000BCE6F /* AppDelegate.swift in Sources */ = {isa = PBXBuildFile; fileRef = B98106811C442B4B000BCE6F /* AppDelegate.swift */; };
		B98106841C442B4B000BCE6F /* ViewController.swift in Sources */ = {isa = PBXBuildFile; fileRef = B98106831C442B4B000BCE6F /* ViewController.swift */; };
		B98106871C442B4B000BCE6F /* Main.storyboard in Resources */ = {isa = PBXBuildFile; fileRef = B98106851C442B4B000BCE6F /* Main.storyboard */; };
		B98106891C442B4B000BCE6F /* Assets.xcassets in Resources */ = {isa = PBXBuildFile; fileRef = B98106881C442B4B000BCE6F /* Assets.xcassets */; };
		B981068C1C442B4B000BCE6F /* LaunchScreen.storyboard in Resources */ = {isa = PBXBuildFile; fileRef = B981068A1C442B4B000BCE6F /* LaunchScreen.storyboard */; };
		B98106971C442B4C000BCE6F /* PongTests.swift in Sources */ = {isa = PBXBuildFile; fileRef = B98106961C442B4C000BCE6F /* PongTests.swift */; };
		B98106A21C442B4C000BCE6F /* PongUITests.swift in Sources */ = {isa = PBXBuildFile; fileRef = B98106A11C442B4C000BCE6F /* PongUITests.swift */; };
		B98106A71C442B4C000BCE6F /* Pong WatchKit App.app in Embed Watch Content */ = {isa = PBXBuildFile; fileRef = B98106A61C442B4C000BCE6F /* Pong WatchKit App.app */; };
		B98106AD1C442B4C000BCE6F /* Interface.storyboard in Resources */ = {isa = PBXBuildFile; fileRef = B98106AB1C442B4C000BCE6F /* Interface.storyboard */; };
		B98106AF1C442B4C000BCE6F /* Assets.xcassets in Resources */ = {isa = PBXBuildFile; fileRef = B98106AE1C442B4C000BCE6F /* Assets.xcassets */; };
		B98106B61C442B4C000BCE6F /* Pong WatchKit Extension.appex in Embed App Extensions */ = {isa = PBXBuildFile; fileRef = B98106B51C442B4C000BCE6F /* Pong WatchKit Extension.appex */; settings = {ATTRIBUTES = (RemoveHeadersOnCopy, ); }; };
		B98106BB1C442B4C000BCE6F /* InterfaceController.swift in Sources */ = {isa = PBXBuildFile; fileRef = B98106BA1C442B4C000BCE6F /* InterfaceController.swift */; };
		B98106BD1C442B4C000BCE6F /* ExtensionDelegate.swift in Sources */ = {isa = PBXBuildFile; fileRef = B98106BC1C442B4C000BCE6F /* ExtensionDelegate.swift */; };
		B98106BF1C442B4C000BCE6F /* Assets.xcassets in Resources */ = {isa = PBXBuildFile; fileRef = B98106BE1C442B4C000BCE6F /* Assets.xcassets */; };
/* End PBXBuildFile section */

/* Begin PBXContainerItemProxy section */
		B98106931C442B4C000BCE6F /* PBXContainerItemProxy */ = {
			isa = PBXContainerItemProxy;
			containerPortal = B98106761C442B4B000BCE6F /* Project object */;
			proxyType = 1;
			remoteGlobalIDString = B981067D1C442B4B000BCE6F;
			remoteInfo = Pong;
		};
		B981069E1C442B4C000BCE6F /* PBXContainerItemProxy */ = {
			isa = PBXContainerItemProxy;
			containerPortal = B98106761C442B4B000BCE6F /* Project object */;
			proxyType = 1;
			remoteGlobalIDString = B981067D1C442B4B000BCE6F;
			remoteInfo = Pong;
		};
		B98106A81C442B4C000BCE6F /* PBXContainerItemProxy */ = {
			isa = PBXContainerItemProxy;
			containerPortal = B98106761C442B4B000BCE6F /* Project object */;
			proxyType = 1;
			remoteGlobalIDString = B98106A51C442B4C000BCE6F;
			remoteInfo = "Pong WatchKit App";
		};
		B98106B71C442B4C000BCE6F /* PBXContainerItemProxy */ = {
			isa = PBXContainerItemProxy;
			containerPortal = B98106761C442B4B000BCE6F /* Project object */;
			proxyType = 1;
			remoteGlobalIDString = B98106B41C442B4C000BCE6F;
			remoteInfo = "Pong WatchKit Extension";
		};
/* End PBXContainerItemProxy section */

/* Begin PBXCopyFilesBuildPhase section */
		B98106C61C442B4C000BCE6F /* Embed App Extensions */ = {
			isa = PBXCopyFilesBuildPhase;
			buildActionMask = 2147483647;
			dstPath = "";
			dstSubfolderSpec = 13;
			files = (
				B98106B61C442B4C000BCE6F /* Pong WatchKit Extension.appex in Embed App Extensions */,
			);
			name = "Embed App Extensions";
			runOnlyForDeploymentPostprocessing = 0;
		};
		B98106CA1C442B4C000BCE6F /* Embed Watch Content */ = {
			isa = PBXCopyFilesBuildPhase;
			buildActionMask = 2147483647;
			dstPath = "$(CONTENTS_FOLDER_PATH)/Watch";
			dstSubfolderSpec = 16;
			files = (
				B98106A71C442B4C000BCE6F /* Pong WatchKit App.app in Embed Watch Content */,
			);
			name = "Embed Watch Content";
			runOnlyForDeploymentPostprocessing = 0;
		};
/* End PBXCopyFilesBuildPhase section */

/* Begin PBXFileReference section */
		B981067E1C442B4B000BCE6F /* Pong.app */ = {isa = PBXFileReference; explicitFileType = wrapper.application; includeInIndex = 0; path = Pong.app; sourceTree = BUILT_PRODUCTS_DIR; };
		B98106811C442B4B000BCE6F /* AppDelegate.swift */ = {isa = PBXFileReference; lastKnownFileType = sourcecode.swift; path = AppDelegate.swift; sourceTree = "<group>"; };
		B98106831C442B4B000BCE6F /* ViewController.swift */ = {isa = PBXFileReference; lastKnownFileType = sourcecode.swift; path = ViewController.swift; sourceTree = "<group>"; };
		B98106861C442B4B000BCE6F /* Base */ = {isa = PBXFileReference; lastKnownFileType = file.storyboard; name = Base; path = Base.lproj/Main.storyboard; sourceTree = "<group>"; };
		B98106881C442B4B000BCE6F /* Assets.xcassets */ = {isa = PBXFileReference; lastKnownFileType = folder.assetcatalog; path = Assets.xcassets; sourceTree = "<group>"; };
		B981068B1C442B4B000BCE6F /* Base */ = {isa = PBXFileReference; lastKnownFileType = file.storyboard; name = Base; path = Base.lproj/LaunchScreen.storyboard; sourceTree = "<group>"; };
		B981068D1C442B4B000BCE6F /* Info.plist */ = {isa = PBXFileReference; lastKnownFileType = text.plist.xml; path = Info.plist; sourceTree = "<group>"; };
		B98106921C442B4C000BCE6F /* PongTests.xctest */ = {isa = PBXFileReference; explicitFileType = wrapper.cfbundle; includeInIndex = 0; path = PongTests.xctest; sourceTree = BUILT_PRODUCTS_DIR; };
		B98106961C442B4C000BCE6F /* PongTests.swift */ = {isa = PBXFileReference; lastKnownFileType = sourcecode.swift; path = PongTests.swift; sourceTree = "<group>"; };
		B98106981C442B4C000BCE6F /* Info.plist */ = {isa = PBXFileReference; lastKnownFileType = text.plist.xml; path = Info.plist; sourceTree = "<group>"; };
		B981069D1C442B4C000BCE6F /* PongUITests.xctest */ = {isa = PBXFileReference; explicitFileType = wrapper.cfbundle; includeInIndex = 0; path = PongUITests.xctest; sourceTree = BUILT_PRODUCTS_DIR; };
		B98106A11C442B4C000BCE6F /* PongUITests.swift */ = {isa = PBXFileReference; lastKnownFileType = sourcecode.swift; path = PongUITests.swift; sourceTree = "<group>"; };
		B98106A31C442B4C000BCE6F /* Info.plist */ = {isa = PBXFileReference; lastKnownFileType = text.plist.xml; path = Info.plist; sourceTree = "<group>"; };
		B98106A61C442B4C000BCE6F /* Pong WatchKit App.app */ = {isa = PBXFileReference; explicitFileType = wrapper.application; includeInIndex = 0; path = "Pong WatchKit App.app"; sourceTree = BUILT_PRODUCTS_DIR; };
		B98106AC1C442B4C000BCE6F /* Base */ = {isa = PBXFileReference; lastKnownFileType = file.storyboard; name = Base; path = Base.lproj/Interface.storyboard; sourceTree = "<group>"; };
		B98106AE1C442B4C000BCE6F /* Assets.xcassets */ = {isa = PBXFileReference; lastKnownFileType = folder.assetcatalog; path = Assets.xcassets; sourceTree = "<group>"; };
		B98106B01C442B4C000BCE6F /* Info.plist */ = {isa = PBXFileReference; lastKnownFileType = text.plist.xml; path = Info.plist; sourceTree = "<group>"; };
		B98106B51C442B4C000BCE6F /* Pong WatchKit Extension.appex */ = {isa = PBXFileReference; explicitFileType = "wrapper.app-extension"; includeInIndex = 0; path = "Pong WatchKit Extension.appex"; sourceTree = BUILT_PRODUCTS_DIR; };
		B98106BA1C442B4C000BCE6F /* InterfaceController.swift */ = {isa = PBXFileReference; lastKnownFileType = sourcecode.swift; path = InterfaceController.swift; sourceTree = "<group>"; };
		B98106BC1C442B4C000BCE6F /* ExtensionDelegate.swift */ = {isa = PBXFileReference; lastKnownFileType = sourcecode.swift; path = ExtensionDelegate.swift; sourceTree = "<group>"; };
		B98106BE1C442B4C000BCE6F /* Assets.xcassets */ = {isa = PBXFileReference; lastKnownFileType = folder.assetcatalog; path = Assets.xcassets; sourceTree = "<group>"; };
		B98106C01C442B4C000BCE6F /* Info.plist */ = {isa = PBXFileReference; lastKnownFileType = text.plist.xml; path = Info.plist; sourceTree = "<group>"; };
/* End PBXFileReference section */

/* Begin PBXFrameworksBuildPhase section */
		B981067B1C442B4B000BCE6F /* Frameworks */ = {
			isa = PBXFrameworksBuildPhase;
			buildActionMask = 2147483647;
			files = (
			);
			runOnlyForDeploymentPostprocessing = 0;
		};
		B981068F1C442B4C000BCE6F /* Frameworks */ = {
			isa = PBXFrameworksBuildPhase;
			buildActionMask = 2147483647;
			files = (
			);
			runOnlyForDeploymentPostprocessing = 0;
		};
		B981069A1C442B4C000BCE6F /* Frameworks */ = {
			isa = PBXFrameworksBuildPhase;
			buildActionMask = 2147483647;
			files = (
			);
			runOnlyForDeploymentPostprocessing = 0;
		};
		B98106B21C442B4C000BCE6F /* Frameworks */ = {
			isa = PBXFrameworksBuildPhase;
			buildActionMask = 2147483647;
			files = (
			);
			runOnlyForDeploymentPostprocessing = 0;
		};
/* End PBXFrameworksBuildPhase section */

/* Begin PBXGroup section */
		B98106751C442B4B000BCE6F = {
			isa = PBXGroup;
			children = (
				B98106801C442B4B000BCE6F /* Pong */,
				B98106951C442B4C000BCE6F /* PongTests */,
				B98106A01C442B4C000BCE6F /* PongUITests */,
				B98106AA1C442B4C000BCE6F /* Pong WatchKit App */,
				B98106B91C442B4C000BCE6F /* Pong WatchKit Extension */,
				B981067F1C442B4B000BCE6F /* Products */,
			);
			sourceTree = "<group>";
		};
		B981067F1C442B4B000BCE6F /* Products */ = {
			isa = PBXGroup;
			children = (
				B981067E1C442B4B000BCE6F /* Pong.app */,
				B98106921C442B4C000BCE6F /* PongTests.xctest */,
				B981069D1C442B4C000BCE6F /* PongUITests.xctest */,
				B98106A61C442B4C000BCE6F /* Pong WatchKit App.app */,
				B98106B51C442B4C000BCE6F /* Pong WatchKit Extension.appex */,
			);
			name = Products;
			sourceTree = "<group>";
		};
		B98106801C442B4B000BCE6F /* Pong */ = {
			isa = PBXGroup;
			children = (
				B98106811C442B4B000BCE6F /* AppDelegate.swift */,
				B98106831C442B4B000BCE6F /* ViewController.swift */,
				B98106851C442B4B000BCE6F /* Main.storyboard */,
				B98106881C442B4B000BCE6F /* Assets.xcassets */,
				B981068A1C442B4B000BCE6F /* LaunchScreen.storyboard */,
				B981068D1C442B4B000BCE6F /* Info.plist */,
			);
			path = Pong;
			sourceTree = "<group>";
		};
		B98106951C442B4C000BCE6F /* PongTests */ = {
			isa = PBXGroup;
			children = (
				B98106961C442B4C000BCE6F /* PongTests.swift */,
				B98106981C442B4C000BCE6F /* Info.plist */,
			);
			path = PongTests;
			sourceTree = "<group>";
		};
		B98106A01C442B4C000BCE6F /* PongUITests */ = {
			isa = PBXGroup;
			children = (
				B98106A11C442B4C000BCE6F /* PongUITests.swift */,
				B98106A31C442B4C000BCE6F /* Info.plist */,
			);
			path = PongUITests;
			sourceTree = "<group>";
		};
		B98106AA1C442B4C000BCE6F /* Pong WatchKit App */ = {
			isa = PBXGroup;
			children = (
				B98106AB1C442B4C000BCE6F /* Interface.storyboard */,
				B98106AE1C442B4C000BCE6F /* Assets.xcassets */,
				B98106B01C442B4C000BCE6F /* Info.plist */,
			);
			path = "Pong WatchKit App";
			sourceTree = "<group>";
		};
		B98106B91C442B4C000BCE6F /* Pong WatchKit Extension */ = {
			isa = PBXGroup;
			children = (
				B98106BA1C442B4C000BCE6F /* InterfaceController.swift */,
				B98106BC1C442B4C000BCE6F /* ExtensionDelegate.swift */,
				B98106BE1C442B4C000BCE6F /* Assets.xcassets */,
				B98106C01C442B4C000BCE6F /* Info.plist */,
			);
			path = "Pong WatchKit Extension";
			sourceTree = "<group>";
		};
/* End PBXGroup section */

/* Begin PBXNativeTarget section */
		B981067D1C442B4B000BCE6F /* Pong */ = {
			isa = PBXNativeTarget;
			buildConfigurationList = B98106CB1C442B4C000BCE6F /* Build configuration list for PBXNativeTarget "Pong" */;
			buildPhases = (
				B981067A1C442B4B000BCE6F /* Sources */,
				B981067B1C442B4B000BCE6F /* Frameworks */,
				B981067C1C442B4B000BCE6F /* Resources */,
				B98106CA1C442B4C000BCE6F /* Embed Watch Content */,
			);
			buildRules = (
			);
			dependencies = (
				B98106A91C442B4C000BCE6F /* PBXTargetDependency */,
			);
			name = Pong;
			productName = Pong;
			productReference = B981067E1C442B4B000BCE6F /* Pong.app */;
			productType = "com.apple.product-type.application";
		};
		B98106911C442B4C000BCE6F /* PongTests */ = {
			isa = PBXNativeTarget;
			buildConfigurationList = B98106CE1C442B4C000BCE6F /* Build configuration list for PBXNativeTarget "PongTests" */;
			buildPhases = (
				B981068E1C442B4C000BCE6F /* Sources */,
				B981068F1C442B4C000BCE6F /* Frameworks */,
				B98106901C442B4C000BCE6F /* Resources */,
			);
			buildRules = (
			);
			dependencies = (
				B98106941C442B4C000BCE6F /* PBXTargetDependency */,
			);
			name = PongTests;
			productName = PongTests;
			productReference = B98106921C442B4C000BCE6F /* PongTests.xctest */;
			productType = "com.apple.product-type.bundle.unit-test";
		};
		B981069C1C442B4C000BCE6F /* PongUITests */ = {
			isa = PBXNativeTarget;
			buildConfigurationList = B98106D11C442B4C000BCE6F /* Build configuration list for PBXNativeTarget "PongUITests" */;
			buildPhases = (
				B98106991C442B4C000BCE6F /* Sources */,
				B981069A1C442B4C000BCE6F /* Frameworks */,
				B981069B1C442B4C000BCE6F /* Resources */,
			);
			buildRules = (
			);
			dependencies = (
				B981069F1C442B4C000BCE6F /* PBXTargetDependency */,
			);
			name = PongUITests;
			productName = PongUITests;
			productReference = B981069D1C442B4C000BCE6F /* PongUITests.xctest */;
			productType = "com.apple.product-type.bundle.ui-testing";
		};
		B98106A51C442B4C000BCE6F /* Pong WatchKit App */ = {
			isa = PBXNativeTarget;
			buildConfigurationList = B98106C71C442B4C000BCE6F /* Build configuration list for PBXNativeTarget "Pong WatchKit App" */;
			buildPhases = (
				B98106A41C442B4C000BCE6F /* Resources */,
				B98106C61C442B4C000BCE6F /* Embed App Extensions */,
			);
			buildRules = (
			);
			dependencies = (
				B98106B81C442B4C000BCE6F /* PBXTargetDependency */,
			);
			name = "Pong WatchKit App";
			productName = "Pong WatchKit App";
			productReference = B98106A61C442B4C000BCE6F /* Pong WatchKit App.app */;
			productType = "com.apple.product-type.application.watchapp2";
		};
		B98106B41C442B4C000BCE6F /* Pong WatchKit Extension */ = {
			isa = PBXNativeTarget;
			buildConfigurationList = B98106C31C442B4C000BCE6F /* Build configuration list for PBXNativeTarget "Pong WatchKit Extension" */;
			buildPhases = (
				B98106B11C442B4C000BCE6F /* Sources */,
				B98106B21C442B4C000BCE6F /* Frameworks */,
				B98106B31C442B4C000BCE6F /* Resources */,
			);
			buildRules = (
			);
			dependencies = (
			);
			name = "Pong WatchKit Extension";
			productName = "Pong WatchKit Extension";
			productReference = B98106B51C442B4C000BCE6F /* Pong WatchKit Extension.appex */;
			productType = "com.apple.product-type.watchkit2-extension";
		};
/* End PBXNativeTarget section */

/* Begin PBXProject section */
		B98106761C442B4B000BCE6F /* Project object */ = {
			isa = PBXProject;
			attributes = {
				LastSwiftUpdateCheck = 0720;
				LastUpgradeCheck = 0720;
				ORGANIZATIONNAME = SnowyWatermelon;
				TargetAttributes = {
					B981067D1C442B4B000BCE6F = {
						CreatedOnToolsVersion = 7.2;
					};
					B98106911C442B4C000BCE6F = {
						CreatedOnToolsVersion = 7.2;
						TestTargetID = B981067D1C442B4B000BCE6F;
					};
					B981069C1C442B4C000BCE6F = {
						CreatedOnToolsVersion = 7.2;
						TestTargetID = B981067D1C442B4B000BCE6F;
					};
					B98106A51C442B4C000BCE6F = {
						CreatedOnToolsVersion = 7.2;
					};
					B98106B41C442B4C000BCE6F = {
						CreatedOnToolsVersion = 7.2;
					};
				};
			};
			buildConfigurationList = B98106791C442B4B000BCE6F /* Build configuration list for PBXProject "Pong" */;
			compatibilityVersion = "Xcode 3.2";
			developmentRegion = English;
			hasScannedForEncodings = 0;
			knownRegions = (
				en,
				Base,
			);
			mainGroup = B98106751C442B4B000BCE6F;
			productRefGroup = B981067F1C442B4B000BCE6F /* Products */;
			projectDirPath = "";
			projectRoot = "";
			targets = (
				B981067D1C442B4B000BCE6F /* Pong */,
				B98106911C442B4C000BCE6F /* PongTests */,
				B981069C1C442B4C000BCE6F /* PongUITests */,
				B98106A51C442B4C000BCE6F /* Pong WatchKit App */,
				B98106B41C442B4C000BCE6F /* Pong WatchKit Extension */,
			);
		};
/* End PBXProject section */

/* Begin PBXResourcesBuildPhase section */
		B981067C1C442B4B000BCE6F /* Resources */ = {
			isa = PBXResourcesBuildPhase;
			buildActionMask = 2147483647;
			files = (
				B981068C1C442B4B000BCE6F /* LaunchScreen.storyboard in Resources */,
				B98106891C442B4B000BCE6F /* Assets.xcassets in Resources */,
				B98106871C442B4B000BCE6F /* Main.storyboard in Resources */,
			);
			runOnlyForDeploymentPostprocessing = 0;
		};
		B98106901C442B4C000BCE6F /* Resources */ = {
			isa = PBXResourcesBuildPhase;
			buildActionMask = 2147483647;
			files = (
			);
			runOnlyForDeploymentPostprocessing = 0;
		};
		B981069B1C442B4C000BCE6F /* Resources */ = {
			isa = PBXResourcesBuildPhase;
			buildActionMask = 2147483647;
			files = (
			);
			runOnlyForDeploymentPostprocessing = 0;
		};
		B98106A41C442B4C000BCE6F /* Resources */ = {
			isa = PBXResourcesBuildPhase;
			buildActionMask = 2147483647;
			files = (
				B98106AF1C442B4C000BCE6F /* Assets.xcassets in Resources */,
				B98106AD1C442B4C000BCE6F /* Interface.storyboard in Resources */,
			);
			runOnlyForDeploymentPostprocessing = 0;
		};
		B98106B31C442B4C000BCE6F /* Resources */ = {
			isa = PBXResourcesBuildPhase;
			buildActionMask = 2147483647;
			files = (
				B98106BF1C442B4C000BCE6F /* Assets.xcassets in Resources */,
			);
			runOnlyForDeploymentPostprocessing = 0;
		};
/* End PBXResourcesBuildPhase section */

/* Begin PBXSourcesBuildPhase section */
		B981067A1C442B4B000BCE6F /* Sources */ = {
			isa = PBXSourcesBuildPhase;
			buildActionMask = 2147483647;
			files = (
				B98106841C442B4B000BCE6F /* ViewController.swift in Sources */,
				B98106821C442B4B000BCE6F /* AppDelegate.swift in Sources */,
			);
			runOnlyForDeploymentPostprocessing = 0;
		};
		B981068E1C442B4C000BCE6F /* Sources */ = {
			isa = PBXSourcesBuildPhase;
			buildActionMask = 2147483647;
			files = (
				B98106971C442B4C000BCE6F /* PongTests.swift in Sources */,
			);
			runOnlyForDeploymentPostprocessing = 0;
		};
		B98106991C442B4C000BCE6F /* Sources */ = {
			isa = PBXSourcesBuildPhase;
			buildActionMask = 2147483647;
			files = (
				B98106A21C442B4C000BCE6F /* PongUITests.swift in Sources */,
			);
			runOnlyForDeploymentPostprocessing = 0;
		};
		B98106B11C442B4C000BCE6F /* Sources */ = {
			isa = PBXSourcesBuildPhase;
			buildActionMask = 2147483647;
			files = (
				B98106BD1C442B4C000BCE6F /* ExtensionDelegate.swift in Sources */,
				B98106BB1C442B4C000BCE6F /* InterfaceController.swift in Sources */,
			);
			runOnlyForDeploymentPostprocessing = 0;
		};
/* End PBXSourcesBuildPhase section */

/* Begin PBXTargetDependency section */
		B98106941C442B4C000BCE6F /* PBXTargetDependency */ = {
			isa = PBXTargetDependency;
			target = B981067D1C442B4B000BCE6F /* Pong */;
			targetProxy = B98106931C442B4C000BCE6F /* PBXContainerItemProxy */;
		};
		B981069F1C442B4C000BCE6F /* PBXTargetDependency */ = {
			isa = PBXTargetDependency;
			target = B981067D1C442B4B000BCE6F /* Pong */;
			targetProxy = B981069E1C442B4C000BCE6F /* PBXContainerItemProxy */;
		};
		B98106A91C442B4C000BCE6F /* PBXTargetDependency */ = {
			isa = PBXTargetDependency;
			target = B98106A51C442B4C000BCE6F /* Pong WatchKit App */;
			targetProxy = B98106A81C442B4C000BCE6F /* PBXContainerItemProxy */;
		};
		B98106B81C442B4C000BCE6F /* PBXTargetDependency */ = {
			isa = PBXTargetDependency;
			target = B98106B41C442B4C000BCE6F /* Pong WatchKit Extension */;
			targetProxy = B98106B71C442B4C000BCE6F /* PBXContainerItemProxy */;
		};
/* End PBXTargetDependency section */

/* Begin PBXVariantGroup section */
		B98106851C442B4B000BCE6F /* Main.storyboard */ = {
			isa = PBXVariantGroup;
			children = (
				B98106861C442B4B000BCE6F /* Base */,
			);
			name = Main.storyboard;
			sourceTree = "<group>";
		};
		B981068A1C442B4B000BCE6F /* LaunchScreen.storyboard */ = {
			isa = PBXVariantGroup;
			children = (
				B981068B1C442B4B000BCE6F /* Base */,
			);
			name = LaunchScreen.storyboard;
			sourceTree = "<group>";
		};
		B98106AB1C442B4C000BCE6F /* Interface.storyboard */ = {
			isa = PBXVariantGroup;
			children = (
				B98106AC1C442B4C000BCE6F /* Base */,
			);
			name = Interface.storyboard;
			sourceTree = "<group>";
		};
/* End PBXVariantGroup section */

/* Begin XCBuildConfiguration section */
		B98106C11C442B4C000BCE6F /* Debug */ = {
			isa = XCBuildConfiguration;
			buildSettings = {
				ALWAYS_SEARCH_USER_PATHS = NO;
				CLANG_CXX_LANGUAGE_STANDARD = "gnu++0x";
				CLANG_CXX_LIBRARY = "libc++";
				CLANG_ENABLE_MODULES = YES;
				CLANG_ENABLE_OBJC_ARC = YES;
				CLANG_WARN_BOOL_CONVERSION = YES;
				CLANG_WARN_CONSTANT_CONVERSION = YES;
				CLANG_WARN_DIRECT_OBJC_ISA_USAGE = YES_ERROR;
				CLANG_WARN_EMPTY_BODY = YES;
				CLANG_WARN_ENUM_CONVERSION = YES;
				CLANG_WARN_INT_CONVERSION = YES;
				CLANG_WARN_OBJC_ROOT_CLASS = YES_ERROR;
				CLANG_WARN_UNREACHABLE_CODE = YES;
				CLANG_WARN__DUPLICATE_METHOD_MATCH = YES;
				"CODE_SIGN_IDENTITY[sdk=iphoneos*]" = "iPhone Developer";
				COPY_PHASE_STRIP = NO;
				DEBUG_INFORMATION_FORMAT = dwarf;
				ENABLE_STRICT_OBJC_MSGSEND = YES;
				ENABLE_TESTABILITY = YES;
				GCC_C_LANGUAGE_STANDARD = gnu99;
				GCC_DYNAMIC_NO_PIC = NO;
				GCC_NO_COMMON_BLOCKS = YES;
				GCC_OPTIMIZATION_LEVEL = 0;
				GCC_PREPROCESSOR_DEFINITIONS = (
					"DEBUG=1",
					"$(inherited)",
				);
				GCC_WARN_64_TO_32_BIT_CONVERSION = YES;
				GCC_WARN_ABOUT_RETURN_TYPE = YES_ERROR;
				GCC_WARN_UNDECLARED_SELECTOR = YES;
				GCC_WARN_UNINITIALIZED_AUTOS = YES_AGGRESSIVE;
				GCC_WARN_UNUSED_FUNCTION = YES;
				GCC_WARN_UNUSED_VARIABLE = YES;
				IPHONEOS_DEPLOYMENT_TARGET = 9.2;
				MTL_ENABLE_DEBUG_INFO = YES;
				ONLY_ACTIVE_ARCH = YES;
				SDKROOT = iphoneos;
				SWIFT_OPTIMIZATION_LEVEL = "-Onone";
				TARGETED_DEVICE_FAMILY = "1,2";
			};
			name = Debug;
		};
		B98106C21C442B4C000BCE6F /* Release */ = {
			isa = XCBuildConfiguration;
			buildSettings = {
				ALWAYS_SEARCH_USER_PATHS = NO;
				CLANG_CXX_LANGUAGE_STANDARD = "gnu++0x";
				CLANG_CXX_LIBRARY = "libc++";
				CLANG_ENABLE_MODULES = YES;
				CLANG_ENABLE_OBJC_ARC = YES;
				CLANG_WARN_BOOL_CONVERSION = YES;
				CLANG_WARN_CONSTANT_CONVERSION = YES;
				CLANG_WARN_DIRECT_OBJC_ISA_USAGE = YES_ERROR;
				CLANG_WARN_EMPTY_BODY = YES;
				CLANG_WARN_ENUM_CONVERSION = YES;
				CLANG_WARN_INT_CONVERSION = YES;
				CLANG_WARN_OBJC_ROOT_CLASS = YES_ERROR;
				CLANG_WARN_UNREACHABLE_CODE = YES;
				CLANG_WARN__DUPLICATE_METHOD_MATCH = YES;
				"CODE_SIGN_IDENTITY[sdk=iphoneos*]" = "iPhone Developer";
				COPY_PHASE_STRIP = NO;
				DEBUG_INFORMATION_FORMAT = "dwarf-with-dsym";
				ENABLE_NS_ASSERTIONS = NO;
				ENABLE_STRICT_OBJC_MSGSEND = YES;
				GCC_C_LANGUAGE_STANDARD = gnu99;
				GCC_NO_COMMON_BLOCKS = YES;
				GCC_WARN_64_TO_32_BIT_CONVERSION = YES;
				GCC_WARN_ABOUT_RETURN_TYPE = YES_ERROR;
				GCC_WARN_UNDECLARED_SELECTOR = YES;
				GCC_WARN_UNINITIALIZED_AUTOS = YES_AGGRESSIVE;
				GCC_WARN_UNUSED_FUNCTION = YES;
				GCC_WARN_UNUSED_VARIABLE = YES;
				IPHONEOS_DEPLOYMENT_TARGET = 9.2;
				MTL_ENABLE_DEBUG_INFO = NO;
				SDKROOT = iphoneos;
				TARGETED_DEVICE_FAMILY = "1,2";
				VALIDATE_PRODUCT = YES;
			};
			name = Release;
		};
		B98106C41C442B4C000BCE6F /* Debug */ = {
			isa = XCBuildConfiguration;
			buildSettings = {
				INFOPLIST_FILE = "Pong WatchKit Extension/Info.plist";
				LD_RUNPATH_SEARCH_PATHS = "$(inherited) @executable_path/Frameworks @executable_path/../../Frameworks";
				PRODUCT_BUNDLE_IDENTIFIER = com.SnowyWatermelon.Pong.watchkitapp.watchkitextension;
				PRODUCT_NAME = "${TARGET_NAME}";
				SDKROOT = watchos;
				SKIP_INSTALL = YES;
				TARGETED_DEVICE_FAMILY = 4;
				WATCHOS_DEPLOYMENT_TARGET = 2.1;
			};
			name = Debug;
		};
		B98106C51C442B4C000BCE6F /* Release */ = {
			isa = XCBuildConfiguration;
			buildSettings = {
				INFOPLIST_FILE = "Pong WatchKit Extension/Info.plist";
				LD_RUNPATH_SEARCH_PATHS = "$(inherited) @executable_path/Frameworks @executable_path/../../Frameworks";
				PRODUCT_BUNDLE_IDENTIFIER = com.SnowyWatermelon.Pong.watchkitapp.watchkitextension;
				PRODUCT_NAME = "${TARGET_NAME}";
				SDKROOT = watchos;
				SKIP_INSTALL = YES;
				TARGETED_DEVICE_FAMILY = 4;
				WATCHOS_DEPLOYMENT_TARGET = 2.1;
			};
			name = Release;
		};
		B98106C81C442B4C000BCE6F /* Debug */ = {
			isa = XCBuildConfiguration;
			buildSettings = {
				ASSETCATALOG_COMPILER_APPICON_NAME = AppIcon;
				EMBEDDED_CONTENT_CONTAINS_SWIFT = YES;
				IBSC_MODULE = Pong_WatchKit_Extension;
				INFOPLIST_FILE = "Pong WatchKit App/Info.plist";
				PRODUCT_BUNDLE_IDENTIFIER = com.SnowyWatermelon.Pong.watchkitapp;
				PRODUCT_NAME = "$(TARGET_NAME)";
				SDKROOT = watchos;
				SKIP_INSTALL = YES;
				TARGETED_DEVICE_FAMILY = 4;
				WATCHOS_DEPLOYMENT_TARGET = 2.1;
			};
			name = Debug;
		};
		B98106C91C442B4C000BCE6F /* Release */ = {
			isa = XCBuildConfiguration;
			buildSettings = {
				ASSETCATALOG_COMPILER_APPICON_NAME = AppIcon;
				EMBEDDED_CONTENT_CONTAINS_SWIFT = YES;
				IBSC_MODULE = Pong_WatchKit_Extension;
				INFOPLIST_FILE = "Pong WatchKit App/Info.plist";
				PRODUCT_BUNDLE_IDENTIFIER = com.SnowyWatermelon.Pong.watchkitapp;
				PRODUCT_NAME = "$(TARGET_NAME)";
				SDKROOT = watchos;
				SKIP_INSTALL = YES;
				TARGETED_DEVICE_FAMILY = 4;
				WATCHOS_DEPLOYMENT_TARGET = 2.1;
			};
			name = Release;
		};
		B98106CC1C442B4C000BCE6F /* Debug */ = {
			isa = XCBuildConfiguration;
			buildSettings = {
				ASSETCATALOG_COMPILER_APPICON_NAME = AppIcon;
				INFOPLIST_FILE = Pong/Info.plist;
				LD_RUNPATH_SEARCH_PATHS = "$(inherited) @executable_path/Frameworks";
				PRODUCT_BUNDLE_IDENTIFIER = com.SnowyWatermelon.Pong;
				PRODUCT_NAME = "$(TARGET_NAME)";
			};
			name = Debug;
		};
		B98106CD1C442B4C000BCE6F /* Release */ = {
			isa = XCBuildConfiguration;
			buildSettings = {
				ASSETCATALOG_COMPILER_APPICON_NAME = AppIcon;
				INFOPLIST_FILE = Pong/Info.plist;
				LD_RUNPATH_SEARCH_PATHS = "$(inherited) @executable_path/Frameworks";
				PRODUCT_BUNDLE_IDENTIFIER = com.SnowyWatermelon.Pong;
				PRODUCT_NAME = "$(TARGET_NAME)";
			};
			name = Release;
		};
		B98106CF1C442B4C000BCE6F /* Debug */ = {
			isa = XCBuildConfiguration;
			buildSettings = {
				BUNDLE_LOADER = "$(TEST_HOST)";
				INFOPLIST_FILE = PongTests/Info.plist;
				LD_RUNPATH_SEARCH_PATHS = "$(inherited) @executable_path/Frameworks @loader_path/Frameworks";
				PRODUCT_BUNDLE_IDENTIFIER = com.SnowyWatermelon.PongTests;
				PRODUCT_NAME = "$(TARGET_NAME)";
				TEST_HOST = "$(BUILT_PRODUCTS_DIR)/Pong.app/Pong";
			};
			name = Debug;
		};
		B98106D01C442B4C000BCE6F /* Release */ = {
			isa = XCBuildConfiguration;
			buildSettings = {
				BUNDLE_LOADER = "$(TEST_HOST)";
				INFOPLIST_FILE = PongTests/Info.plist;
				LD_RUNPATH_SEARCH_PATHS = "$(inherited) @executable_path/Frameworks @loader_path/Frameworks";
				PRODUCT_BUNDLE_IDENTIFIER = com.SnowyWatermelon.PongTests;
				PRODUCT_NAME = "$(TARGET_NAME)";
				TEST_HOST = "$(BUILT_PRODUCTS_DIR)/Pong.app/Pong";
			};
			name = Release;
		};
		B98106D21C442B4C000BCE6F /* Debug */ = {
			isa = XCBuildConfiguration;
			buildSettings = {
				INFOPLIST_FILE = PongUITests/Info.plist;
				LD_RUNPATH_SEARCH_PATHS = "$(inherited) @executable_path/Frameworks @loader_path/Frameworks";
				PRODUCT_BUNDLE_IDENTIFIER = com.SnowyWatermelon.PongUITests;
				PRODUCT_NAME = "$(TARGET_NAME)";
				TEST_TARGET_NAME = Pong;
				USES_XCTRUNNER = YES;
			};
			name = Debug;
		};
		B98106D31C442B4C000BCE6F /* Release */ = {
			isa = XCBuildConfiguration;
			buildSettings = {
				INFOPLIST_FILE = PongUITests/Info.plist;
				LD_RUNPATH_SEARCH_PATHS = "$(inherited) @executable_path/Frameworks @loader_path/Frameworks";
				PRODUCT_BUNDLE_IDENTIFIER = com.SnowyWatermelon.PongUITests;
				PRODUCT_NAME = "$(TARGET_NAME)";
				TEST_TARGET_NAME = Pong;
				USES_XCTRUNNER = YES;
			};
			name = Release;
		};
/* End XCBuildConfiguration section */

/* Begin XCConfigurationList section */
		B98106791C442B4B000BCE6F /* Build configuration list for PBXProject "Pong" */ = {
			isa = XCConfigurationList;
			buildConfigurations = (
				B98106C11C442B4C000BCE6F /* Debug */,
				B98106C21C442B4C000BCE6F /* Release */,
			);
			defaultConfigurationIsVisible = 0;
			defaultConfigurationName = Release;
		};
		B98106C31C442B4C000BCE6F /* Build configuration list for PBXNativeTarget "Pong WatchKit Extension" */ = {
			isa = XCConfigurationList;
			buildConfigurations = (
				B98106C41C442B4C000BCE6F /* Debug */,
				B98106C51C442B4C000BCE6F /* Release */,
			);
			defaultConfigurationIsVisible = 0;
		};
		B98106C71C442B4C000BCE6F /* Build configuration list for PBXNativeTarget "Pong WatchKit App" */ = {
			isa = XCConfigurationList;
			buildConfigurations = (
				B98106C81C442B4C000BCE6F /* Debug */,
				B98106C91C442B4C000BCE6F /* Release */,
			);
			defaultConfigurationIsVisible = 0;
		};
		B98106CB1C442B4C000BCE6F /* Build configuration list for PBXNativeTarget "Pong" */ = {
			isa = XCConfigurationList;
			buildConfigurations = (
				B98106CC1C442B4C000BCE6F /* Debug */,
				B98106CD1C442B4C000BCE6F /* Release */,
			);
			defaultConfigurationIsVisible = 0;
		};
		B98106CE1C442B4C000BCE6F /* Build configuration list for PBXNativeTarget "PongTests" */ = {
			isa = XCConfigurationList;
			buildConfigurations = (
				B98106CF1C442B4C000BCE6F /* Debug */,
				B98106D01C442B4C000BCE6F /* Release */,
			);
			defaultConfigurationIsVisible = 0;
		};
		B98106D11C442B4C000BCE6F /* Build configuration list for PBXNativeTarget "PongUITests" */ = {
			isa = XCConfigurationList;
			buildConfigurations = (
				B98106D21C442B4C000BCE6F /* Debug */,
				B98106D31C442B4C000BCE6F /* Release */,
			);
			defaultConfigurationIsVisible = 0;
		};
/* End XCConfigurationList section */
	};
	rootObject = B98106761C442B4B000BCE6F /* Project object */;
}
